{
  "name": "Software_Engineering_Application",
  "lockfileVersion": 3,
  "requires": true,
  "packages": {
    "": {
      "dependencies": {
        "zengin-code": "^1.0.0-p20240105"
      }
    },
    "node_modules/zengin-code": {
      "version": "1.0.0-p20240105",
      "resolved": "https://registry.npmjs.org/zengin-code/-/zengin-code-1.0.0-p20240105.tgz",
      "integrity": "sha512-2lmGe1edrVB0Xmv0vahWkuWglwgwoltX8pA6q+yAItFI06rjODAQ9R+78nHEFf3NdtcESjE+tdYDBQeHTjguJw=="
    }
  }
}
